
Microsoft Visual Studio Solution File, Format Version 12.00
# Visual Studio Version 16
VisualStudioVersion = 16.0.30503.244
MinimumVisualStudioVersion = 10.0.40219.1
Project("{FAE04EC0-301F-11D3-BF4B-00C04F79EFBC}") = "StaticMethod", "StaticMethod.csproj", "{CC3EDA8C-87F7-4EE5-AF1B-58CC34106D8E}"
EndProject
Global
	GlobalSection(SolutionConfigurationPlatforms) = preSolution
		Debug|Any CPU = Debug|Any CPU
		Release|Any CPU = Release|Any CPU
	EndGlobalSection
	GlobalSection(ProjectConfigurationPlatforms) = postSolution
		{CC3EDA8C-87F7-4EE5-AF1B-58CC34106D8E}.Debug|Any CPU.ActiveCfg = Debug|Any CPU
		{CC3EDA8C-87F7-4EE5-AF1B-58CC34106D8E}.Debug|Any CPU.Build.0 = Debug|Any CPU
		{CC3EDA8C-87F7-4EE5-AF1B-58CC34106D8E}.Release|Any CPU.ActiveCfg = Release|Any CPU
		{CC3EDA8C-87F7-4EE5-AF1B-58CC34106D8E}.Release|Any CPU.Build.0 = Release|Any CPU
	EndGlobalSection
	GlobalSection(SolutionProperties) = preSolution
		HideSolutionNode = FALSE
	EndGlobalSection
	GlobalSection(ExtensibilityGlobals) = postSolution
		SolutionGuid = {A0C8B0A6-9EC8-41A0-983C-A14AF0AEE445}
	EndGlobalSection
EndGlobal
